
Microsoft Visual Studio Solution File, Format Version 12.00
# Visual Studio Version 16
VisualStudioVersion = 16.0.30503.244
MinimumVisualStudioVersion = 10.0.40219.1
Project("{FAE04EC0-301F-11D3-BF4B-00C04F79EFBC}") = "Könyvkölcsönző", "Könyvkölcsönző\Könyvkölcsönző.csproj", "{650186FF-52AA-47B1-8A04-C72BCBF00719}"
EndProject
Global
	GlobalSection(SolutionConfigurationPlatforms) = preSolution
		Debug|Any CPU = Debug|Any CPU
		Release|Any CPU = Release|Any CPU
	EndGlobalSection
	GlobalSection(ProjectConfigurationPlatforms) = postSolution
		{650186FF-52AA-47B1-8A04-C72BCBF00719}.Debug|Any CPU.ActiveCfg = Debug|Any CPU
		{650186FF-52AA-47B1-8A04-C72BCBF00719}.Debug|Any CPU.Build.0 = Debug|Any CPU
		{650186FF-52AA-47B1-8A04-C72BCBF00719}.Release|Any CPU.ActiveCfg = Release|Any CPU
		{650186FF-52AA-47B1-8A04-C72BCBF00719}.Release|Any CPU.Build.0 = Release|Any CPU
	EndGlobalSection
	GlobalSection(SolutionProperties) = preSolution
		HideSolutionNode = FALSE
	EndGlobalSection
	GlobalSection(ExtensibilityGlobals) = postSolution
		SolutionGuid = {25D11BDB-47AF-475E-ACC3-C5BF724054AB}
	EndGlobalSection
EndGlobal
